PODS:
  - app_set_id (1.2.1):
    - FlutterMacOS
  - FlutterMacOS (1.0.0)
  - mobile_scanner (6.0.2):
    - FlutterMacOS
  - path_provider_foundation (0.0.1):
    - Flutter
    - FlutterMacOS
  - url_launcher_macos (0.0.1):
    - FlutterMacOS

DEPENDENCIES:
  - app_set_id (from `Flutter/ephemeral/.symlinks/plugins/app_set_id/macos`)
  - FlutterMacOS (from `Flutter/ephemeral`)
  - mobile_scanner (from `Flutter/ephemeral/.symlinks/plugins/mobile_scanner/macos`)
  - path_provider_foundation (from `Flutter/ephemeral/.symlinks/plugins/path_provider_foundation/darwin`)
  - url_launcher_macos (from `Flutter/ephemeral/.symlinks/plugins/url_launcher_macos/macos`)

EXTERNAL SOURCES:
  app_set_id:
    :path: Flutter/ephemeral/.symlinks/plugins/app_set_id/macos
  FlutterMacOS:
    :path: Flutter/ephemeral
  mobile_scanner:
    :path: Flutter/ephemeral/.symlinks/plugins/mobile_scanner/macos
  path_provider_foundation:
    :path: Flutter/ephemeral/.symlinks/plugins/path_provider_foundation/darwin
  url_launcher_macos:
    :path: Flutter/ephemeral/.symlinks/plugins/url_launcher_macos/macos

SPEC CHECKSUMS:
  app_set_id: e7bbcaea15c2c7a2c0f60944c3f3a20472f39d1b
  FlutterMacOS: 8f6f14fa908a6fb3fba0cd85dbd81ec4b251fb24
  mobile_scanner: 07710d6b9b2c220ae899de2d7ecf5d77ffa56333
  path_provider_foundation: 2b6b4c569c0fb62ec74538f866245ac84301af46
  url_launcher_macos: c82c93949963e55b228a30115bd219499a6fe404

PODFILE CHECKSUM: 7eb978b976557c8c1cd717d8185ec483fd090a82

COCOAPODS: 1.16.2
